
Microsoft Visual Studio Solution File, Format Version 12.00
# Visual Studio Version 17
VisualStudioVersion = 17.0.31903.59
MinimumVisualStudioVersion = 10.0.40219.1
Project("{2150E333-8FDC-42A3-9474-1A3956D46DE8}") = "Solution Items", "Solution Items", "{FF2791B5-3B8B-425C-BF39-CFA97754C20C}"
	ProjectSection(SolutionItems) = preProject
		.gitignore = .gitignore
		LICENSE = LICENSE
		README.md = README.md
	EndProjectSection
EndProject
Project("{2150E333-8FDC-42A3-9474-1A3956D46DE8}") = "Samples", "Samples", "{8981EC7E-2EAC-42F2-A050-F9ACD3EBED0A}"
EndProject
Project("{FAE04EC0-301F-11D3-BF4B-00C04F79EFBC}") = "DevScratch", "samples\DevScratch\DevScratch.csproj", "{20C3EF65-7AC6-4DDE-9D27-4BCAFFFEF610}"
EndProject
Project("{FAE04EC0-301F-11D3-BF4B-00C04F79EFBC}") = "Forge.Algorithms.HuffmanCoding", "src\Forge.Algorithms.HuffmanCoding\Forge.Algorithms.HuffmanCoding.csproj", "{F22098D0-479C-4FF3-8756-3F932514D022}"
EndProject
Project("{2150E333-8FDC-42A3-9474-1A3956D46DE8}") = "Tests", "Tests", "{9ABCCD3C-5578-4ECC-A62D-9835337542BC}"
EndProject
Project("{FAE04EC0-301F-11D3-BF4B-00C04F79EFBC}") = "ReForge.Huffman.Tests", "tests\ReForge.Huffman.Tests\ReForge.Huffman.Tests.csproj", "{98AD859A-6337-4E1F-9139-AB4ADED03D38}"
EndProject
Global
	GlobalSection(SolutionConfigurationPlatforms) = preSolution
		Debug|Any CPU = Debug|Any CPU
		Release|Any CPU = Release|Any CPU
	EndGlobalSection
	GlobalSection(SolutionProperties) = preSolution
		HideSolutionNode = FALSE
	EndGlobalSection
	GlobalSection(ProjectConfigurationPlatforms) = postSolution
		{20C3EF65-7AC6-4DDE-9D27-4BCAFFFEF610}.Debug|Any CPU.ActiveCfg = Debug|Any CPU
		{20C3EF65-7AC6-4DDE-9D27-4BCAFFFEF610}.Debug|Any CPU.Build.0 = Debug|Any CPU
		{20C3EF65-7AC6-4DDE-9D27-4BCAFFFEF610}.Release|Any CPU.ActiveCfg = Release|Any CPU
		{20C3EF65-7AC6-4DDE-9D27-4BCAFFFEF610}.Release|Any CPU.Build.0 = Release|Any CPU
		{F22098D0-479C-4FF3-8756-3F932514D022}.Debug|Any CPU.ActiveCfg = Debug|Any CPU
		{F22098D0-479C-4FF3-8756-3F932514D022}.Debug|Any CPU.Build.0 = Debug|Any CPU
		{F22098D0-479C-4FF3-8756-3F932514D022}.Release|Any CPU.ActiveCfg = Release|Any CPU
		{F22098D0-479C-4FF3-8756-3F932514D022}.Release|Any CPU.Build.0 = Release|Any CPU
		{98AD859A-6337-4E1F-9139-AB4ADED03D38}.Debug|Any CPU.ActiveCfg = Debug|Any CPU
		{98AD859A-6337-4E1F-9139-AB4ADED03D38}.Debug|Any CPU.Build.0 = Debug|Any CPU
		{98AD859A-6337-4E1F-9139-AB4ADED03D38}.Release|Any CPU.ActiveCfg = Release|Any CPU
		{98AD859A-6337-4E1F-9139-AB4ADED03D38}.Release|Any CPU.Build.0 = Release|Any CPU
	EndGlobalSection
	GlobalSection(NestedProjects) = preSolution
		{20C3EF65-7AC6-4DDE-9D27-4BCAFFFEF610} = {8981EC7E-2EAC-42F2-A050-F9ACD3EBED0A}
		{98AD859A-6337-4E1F-9139-AB4ADED03D38} = {9ABCCD3C-5578-4ECC-A62D-9835337542BC}
	EndGlobalSection
EndGlobal
